
Microsoft Visual Studio Solution File, Format Version 12.00
# Visual Studio Version 17
VisualStudioVersion = 17.4.33110.190
MinimumVisualStudioVersion = 10.0.40219.1
Project("{FAE04EC0-301F-11D3-BF4B-00C04F79EFBC}") = "GSB", "GSB\GSB.csproj", "{0B4EA2AD-9DBC-4FF5-82FB-CEE684D3A218}"
EndProject
Project("{FAE04EC0-301F-11D3-BF4B-00C04F79EFBC}") = "LesClasses", "LesClasses\LesClasses.csproj", "{F9CE3CB7-ADDB-4B42-9EB0-26ED921BD2DE}"
EndProject
Global
	GlobalSection(SolutionConfigurationPlatforms) = preSolution
		Debug|Any CPU = Debug|Any CPU
		Release|Any CPU = Release|Any CPU
	EndGlobalSection
	GlobalSection(ProjectConfigurationPlatforms) = postSolution
		{0B4EA2AD-9DBC-4FF5-82FB-CEE684D3A218}.Debug|Any CPU.ActiveCfg = Debug|Any CPU
		{0B4EA2AD-9DBC-4FF5-82FB-CEE684D3A218}.Debug|Any CPU.Build.0 = Debug|Any CPU
		{0B4EA2AD-9DBC-4FF5-82FB-CEE684D3A218}.Release|Any CPU.ActiveCfg = Release|Any CPU
		{0B4EA2AD-9DBC-4FF5-82FB-CEE684D3A218}.Release|Any CPU.Build.0 = Release|Any CPU
		{F9CE3CB7-ADDB-4B42-9EB0-26ED921BD2DE}.Debug|Any CPU.ActiveCfg = Debug|Any CPU
		{F9CE3CB7-ADDB-4B42-9EB0-26ED921BD2DE}.Debug|Any CPU.Build.0 = Debug|Any CPU
		{F9CE3CB7-ADDB-4B42-9EB0-26ED921BD2DE}.Release|Any CPU.ActiveCfg = Release|Any CPU
		{F9CE3CB7-ADDB-4B42-9EB0-26ED921BD2DE}.Release|Any CPU.Build.0 = Release|Any CPU
	EndGlobalSection
	GlobalSection(SolutionProperties) = preSolution
		HideSolutionNode = FALSE
	EndGlobalSection
	GlobalSection(ExtensibilityGlobals) = postSolution
		SolutionGuid = {B5D6377B-862F-4030-BBA7-4573F9AEE39A}
	EndGlobalSection
EndGlobal
